<?xml version="1.0" encoding="UTF-8" standalone="yes" ?>
<CodeBlocks_project_file>
	<FileVersion major="1" minor="6" />
	<Project>
		<Option title="gazebo_utils" />
		<Option pch_mode="2" />
		<Option compiler="gcc" />
		<Build>
			<Target title="Debug">
				<Option output="bin/Debug/gazebo_utils" prefix_auto="1" extension_auto="1" />
				<Option object_output="obj/Debug/" />
				<Option type="1" />
				<Option compiler="gcc" />
				<Compiler>
					<Add option="-g" />
				</Compiler>
			</Target>
			<Target title="Release">
				<Option output="bin/Release/gazebo_utils" prefix_auto="1" extension_auto="1" />
				<Option object_output="obj/Release/" />
				<Option type="1" />
				<Option compiler="gcc" />
				<Compiler>
					<Add option="-O2" />
				</Compiler>
				<Linker>
					<Add option="-s" />
				</Linker>
			</Target>
		</Build>
		<Compiler>
			<Add option="-Wall" />
		</Compiler>
		<Unit filename="CMakeLists.txt" />
		<Unit filename="LICENSE" />
		<Unit filename="Makefile" />
		<Unit filename="README.md" />
		<Unit filename="bin/fake_imu" />
		<Unit filename="bin/random_fall_generator" />
		<Unit filename="bin/random_torque_applier" />
		<Unit filename="bin/set_arm_positions" />
		<Unit filename="build/CATKIN_IGNORE" />
		<Unit filename="build/CMakeCache.txt" />
		<Unit filename="build/CMakeFiles/CMakeCCompiler.cmake" />
		<Unit filename="build/CMakeFiles/CMakeCXXCompiler.cmake" />
		<Unit filename="build/CMakeFiles/CMakeDetermineCompilerABI_C.bin" />
		<Unit filename="build/CMakeFiles/CMakeDetermineCompilerABI_CXX.bin" />
		<Unit filename="build/CMakeFiles/CMakeDirectoryInformation.cmake" />
		<Unit filename="build/CMakeFiles/CMakeError.log" />
		<Unit filename="build/CMakeFiles/CMakeOutput.log" />
		<Unit filename="build/CMakeFiles/CMakeRuleHashes.txt" />
		<Unit filename="build/CMakeFiles/CMakeSystem.cmake" />
		<Unit filename="build/CMakeFiles/CompilerIdC/CMakeCCompilerId.c">
			<Option compilerVar="CC" />
		</Unit>
		<Unit filename="build/CMakeFiles/CompilerIdC/a.out" />
		<Unit filename="build/CMakeFiles/CompilerIdCXX/CMakeCXXCompilerId.cpp" />
		<Unit filename="build/CMakeFiles/CompilerIdCXX/a.out" />
		<Unit filename="build/CMakeFiles/Makefile.cmake" />
		<Unit filename="build/CMakeFiles/Makefile2" />
		<Unit filename="build/CMakeFiles/ROSBUILD_gengenerated_roseus_cpp_common.dir/DependInfo.cmake" />
		<Unit filename="build/CMakeFiles/ROSBUILD_gengenerated_roseus_cpp_common.dir/build.make" />
		<Unit filename="build/CMakeFiles/ROSBUILD_gengenerated_roseus_cpp_common.dir/cmake_clean.cmake" />
		<Unit filename="build/CMakeFiles/ROSBUILD_gengenerated_roseus_cpp_common.dir/depend.internal" />
		<Unit filename="build/CMakeFiles/ROSBUILD_gengenerated_roseus_cpp_common.dir/depend.make" />
		<Unit filename="build/CMakeFiles/ROSBUILD_gengenerated_roseus_cpp_common.dir/progress.make" />
		<Unit filename="build/CMakeFiles/ROSBUILD_gengenerated_roseus_gazebo_msgs.dir/DependInfo.cmake" />
		<Unit filename="build/CMakeFiles/ROSBUILD_gengenerated_roseus_gazebo_msgs.dir/build.make" />
		<Unit filename="build/CMakeFiles/ROSBUILD_gengenerated_roseus_gazebo_msgs.dir/cmake_clean.cmake" />
		<Unit filename="build/CMakeFiles/ROSBUILD_gengenerated_roseus_gazebo_msgs.dir/depend.internal" />
		<Unit filename="build/CMakeFiles/ROSBUILD_gengenerated_roseus_gazebo_msgs.dir/depend.make" />
		<Unit filename="build/CMakeFiles/ROSBUILD_gengenerated_roseus_gazebo_msgs.dir/progress.make" />
		<Unit filename="build/CMakeFiles/ROSBUILD_gengenerated_roseus_genmsg.dir/DependInfo.cmake" />
		<Unit filename="build/CMakeFiles/ROSBUILD_gengenerated_roseus_genmsg.dir/build.make" />
		<Unit filename="build/CMakeFiles/ROSBUILD_gengenerated_roseus_genmsg.dir/cmake_clean.cmake" />
		<Unit filename="build/CMakeFiles/ROSBUILD_gengenerated_roseus_genmsg.dir/depend.internal" />
		<Unit filename="build/CMakeFiles/ROSBUILD_gengenerated_roseus_genmsg.dir/depend.make" />
		<Unit filename="build/CMakeFiles/ROSBUILD_gengenerated_roseus_genmsg.dir/progress.make" />
		<Unit filename="build/CMakeFiles/ROSBUILD_gengenerated_roseus_genpy.dir/DependInfo.cmake" />
		<Unit filename="build/CMakeFiles/ROSBUILD_gengenerated_roseus_genpy.dir/build.make" />
		<Unit filename="build/CMakeFiles/ROSBUILD_gengenerated_roseus_genpy.dir/cmake_clean.cmake" />
		<Unit filename="build/CMakeFiles/ROSBUILD_gengenerated_roseus_genpy.dir/depend.internal" />
		<Unit filename="build/CMakeFiles/ROSBUILD_gengenerated_roseus_genpy.dir/depend.make" />
		<Unit filename="build/CMakeFiles/ROSBUILD_gengenerated_roseus_genpy.dir/progress.make" />
		<Unit filename="build/CMakeFiles/ROSBUILD_gengenerated_roseus_geometry_msgs.dir/DependInfo.cmake" />
		<Unit filename="build/CMakeFiles/ROSBUILD_gengenerated_roseus_geometry_msgs.dir/build.make" />
		<Unit filename="build/CMakeFiles/ROSBUILD_gengenerated_roseus_geometry_msgs.dir/cmake_clean.cmake" />
		<Unit filename="build/CMakeFiles/ROSBUILD_gengenerated_roseus_geometry_msgs.dir/depend.internal" />
		<Unit filename="build/CMakeFiles/ROSBUILD_gengenerated_roseus_geometry_msgs.dir/depend.make" />
		<Unit filename="build/CMakeFiles/ROSBUILD_gengenerated_roseus_geometry_msgs.dir/progress.make" />
		<Unit filename="build/CMakeFiles/ROSBUILD_gengenerated_roseus_message_runtime.dir/DependInfo.cmake" />
		<Unit filename="build/CMakeFiles/ROSBUILD_gengenerated_roseus_message_runtime.dir/build.make" />
		<Unit filename="build/CMakeFiles/ROSBUILD_gengenerated_roseus_message_runtime.dir/cmake_clean.cmake" />
		<Unit filename="build/CMakeFiles/ROSBUILD_gengenerated_roseus_message_runtime.dir/depend.internal" />
		<Unit filename="build/CMakeFiles/ROSBUILD_gengenerated_roseus_message_runtime.dir/depend.make" />
		<Unit filename="build/CMakeFiles/ROSBUILD_gengenerated_roseus_message_runtime.dir/progress.make" />
		<Unit filename="build/CMakeFiles/ROSBUILD_gengenerated_roseus_rosconsole.dir/DependInfo.cmake" />
		<Unit filename="build/CMakeFiles/ROSBUILD_gengenerated_roseus_rosconsole.dir/build.make" />
		<Unit filename="build/CMakeFiles/ROSBUILD_gengenerated_roseus_rosconsole.dir/cmake_clean.cmake" />
		<Unit filename="build/CMakeFiles/ROSBUILD_gengenerated_roseus_rosconsole.dir/depend.internal" />
		<Unit filename="build/CMakeFiles/ROSBUILD_gengenerated_roseus_rosconsole.dir/depend.make" />
		<Unit filename="build/CMakeFiles/ROSBUILD_gengenerated_roseus_rosconsole.dir/progress.make" />
		<Unit filename="build/CMakeFiles/ROSBUILD_gengenerated_roseus_roscpp.dir/DependInfo.cmake" />
		<Unit filename="build/CMakeFiles/ROSBUILD_gengenerated_roseus_roscpp.dir/build.make" />
		<Unit filename="build/CMakeFiles/ROSBUILD_gengenerated_roseus_roscpp.dir/cmake_clean.cmake" />
		<Unit filename="build/CMakeFiles/ROSBUILD_gengenerated_roseus_roscpp.dir/depend.internal" />
		<Unit filename="build/CMakeFiles/ROSBUILD_gengenerated_roseus_roscpp.dir/depend.make" />
		<Unit filename="build/CMakeFiles/ROSBUILD_gengenerated_roseus_roscpp.dir/progress.make" />
		<Unit filename="build/CMakeFiles/ROSBUILD_gengenerated_roseus_roscpp_serialization.dir/DependInfo.cmake" />
		<Unit filename="build/CMakeFiles/ROSBUILD_gengenerated_roseus_roscpp_serialization.dir/build.make" />
		<Unit filename="build/CMakeFiles/ROSBUILD_gengenerated_roseus_roscpp_serialization.dir/cmake_clean.cmake" />
		<Unit filename="build/CMakeFiles/ROSBUILD_gengenerated_roseus_roscpp_serialization.dir/depend.internal" />
		<Unit filename="build/CMakeFiles/ROSBUILD_gengenerated_roseus_roscpp_serialization.dir/depend.make" />
		<Unit filename="build/CMakeFiles/ROSBUILD_gengenerated_roseus_roscpp_serialization.dir/progress.make" />
		<Unit filename="build/CMakeFiles/ROSBUILD_gengenerated_roseus_roscpp_traits.dir/DependInfo.cmake" />
		<Unit filename="build/CMakeFiles/ROSBUILD_gengenerated_roseus_roscpp_traits.dir/build.make" />
		<Unit filename="build/CMakeFiles/ROSBUILD_gengenerated_roseus_roscpp_traits.dir/cmake_clean.cmake" />
		<Unit filename="build/CMakeFiles/ROSBUILD_gengenerated_roseus_roscpp_traits.dir/depend.internal" />
		<Unit filename="build/CMakeFiles/ROSBUILD_gengenerated_roseus_roscpp_traits.dir/depend.make" />
		<Unit filename="build/CMakeFiles/ROSBUILD_gengenerated_roseus_roscpp_traits.dir/progress.make" />
		<Unit filename="build/CMakeFiles/ROSBUILD_gengenerated_roseus_rosgraph_msgs.dir/DependInfo.cmake" />
		<Unit filename="build/CMakeFiles/ROSBUILD_gengenerated_roseus_rosgraph_msgs.dir/build.make" />
		<Unit filename="build/CMakeFiles/ROSBUILD_gengenerated_roseus_rosgraph_msgs.dir/cmake_clean.cmake" />
		<Unit filename="build/CMakeFiles/ROSBUILD_gengenerated_roseus_rosgraph_msgs.dir/depend.internal" />
		<Unit filename="build/CMakeFiles/ROSBUILD_gengenerated_roseus_rosgraph_msgs.dir/depend.make" />
		<Unit filename="build/CMakeFiles/ROSBUILD_gengenerated_roseus_rosgraph_msgs.dir/progress.make" />
		<Unit filename="build/CMakeFiles/ROSBUILD_gengenerated_roseus_rostime.dir/DependInfo.cmake" />
		<Unit filename="build/CMakeFiles/ROSBUILD_gengenerated_roseus_rostime.dir/build.make" />
		<Unit filename="build/CMakeFiles/ROSBUILD_gengenerated_roseus_rostime.dir/cmake_clean.cmake" />
		<Unit filename="build/CMakeFiles/ROSBUILD_gengenerated_roseus_rostime.dir/depend.internal" />
		<Unit filename="build/CMakeFiles/ROSBUILD_gengenerated_roseus_rostime.dir/depend.make" />
		<Unit filename="build/CMakeFiles/ROSBUILD_gengenerated_roseus_rostime.dir/progress.make" />
		<Unit filename="build/CMakeFiles/ROSBUILD_gengenerated_roseus_sensor_msgs.dir/DependInfo.cmake" />
		<Unit filename="build/CMakeFiles/ROSBUILD_gengenerated_roseus_sensor_msgs.dir/build.make" />
		<Unit filename="build/CMakeFiles/ROSBUILD_gengenerated_roseus_sensor_msgs.dir/cmake_clean.cmake" />
		<Unit filename="build/CMakeFiles/ROSBUILD_gengenerated_roseus_sensor_msgs.dir/depend.internal" />
		<Unit filename="build/CMakeFiles/ROSBUILD_gengenerated_roseus_sensor_msgs.dir/depend.make" />
		<Unit filename="build/CMakeFiles/ROSBUILD_gengenerated_roseus_sensor_msgs.dir/progress.make" />
		<Unit filename="build/CMakeFiles/ROSBUILD_gengenerated_roseus_std_msgs.dir/DependInfo.cmake" />
		<Unit filename="build/CMakeFiles/ROSBUILD_gengenerated_roseus_std_msgs.dir/build.make" />
		<Unit filename="build/CMakeFiles/ROSBUILD_gengenerated_roseus_std_msgs.dir/cmake_clean.cmake" />
		<Unit filename="build/CMakeFiles/ROSBUILD_gengenerated_roseus_std_msgs.dir/depend.internal" />
		<Unit filename="build/CMakeFiles/ROSBUILD_gengenerated_roseus_std_msgs.dir/depend.make" />
		<Unit filename="build/CMakeFiles/ROSBUILD_gengenerated_roseus_std_msgs.dir/progress.make" />
		<Unit filename="build/CMakeFiles/ROSBUILD_gengenerated_roseus_trajectory_msgs.dir/DependInfo.cmake" />
		<Unit filename="build/CMakeFiles/ROSBUILD_gengenerated_roseus_trajectory_msgs.dir/build.make" />
		<Unit filename="build/CMakeFiles/ROSBUILD_gengenerated_roseus_trajectory_msgs.dir/cmake_clean.cmake" />
		<Unit filename="build/CMakeFiles/ROSBUILD_gengenerated_roseus_trajectory_msgs.dir/depend.internal" />
		<Unit filename="build/CMakeFiles/ROSBUILD_gengenerated_roseus_trajectory_msgs.dir/depend.make" />
		<Unit filename="build/CMakeFiles/ROSBUILD_gengenerated_roseus_trajectory_msgs.dir/progress.make" />
		<Unit filename="build/CMakeFiles/ROSBUILD_gengenerated_roseus_xmlrpcpp.dir/DependInfo.cmake" />
		<Unit filename="build/CMakeFiles/ROSBUILD_gengenerated_roseus_xmlrpcpp.dir/build.make" />
		<Unit filename="build/CMakeFiles/ROSBUILD_gengenerated_roseus_xmlrpcpp.dir/cmake_clean.cmake" />
		<Unit filename="build/CMakeFiles/ROSBUILD_gengenerated_roseus_xmlrpcpp.dir/depend.internal" />
		<Unit filename="build/CMakeFiles/ROSBUILD_gengenerated_roseus_xmlrpcpp.dir/depend.make" />
		<Unit filename="build/CMakeFiles/ROSBUILD_gengenerated_roseus_xmlrpcpp.dir/progress.make" />
		<Unit filename="build/CMakeFiles/ROSBUILD_genmanifest_roseus_cpp_common.dir/DependInfo.cmake" />
		<Unit filename="build/CMakeFiles/ROSBUILD_genmanifest_roseus_cpp_common.dir/build.make" />
		<Unit filename="build/CMakeFiles/ROSBUILD_genmanifest_roseus_cpp_common.dir/cmake_clean.cmake" />
		<Unit filename="build/CMakeFiles/ROSBUILD_genmanifest_roseus_cpp_common.dir/depend.internal" />
		<Unit filename="build/CMakeFiles/ROSBUILD_genmanifest_roseus_cpp_common.dir/depend.make" />
		<Unit filename="build/CMakeFiles/ROSBUILD_genmanifest_roseus_cpp_common.dir/progress.make" />
		<Unit filename="build/CMakeFiles/ROSBUILD_genmanifest_roseus_gazebo_msgs.dir/DependInfo.cmake" />
		<Unit filename="build/CMakeFiles/ROSBUILD_genmanifest_roseus_gazebo_msgs.dir/build.make" />
		<Unit filename="build/CMakeFiles/ROSBUILD_genmanifest_roseus_gazebo_msgs.dir/cmake_clean.cmake" />
		<Unit filename="build/CMakeFiles/ROSBUILD_genmanifest_roseus_gazebo_msgs.dir/depend.internal" />
		<Unit filename="build/CMakeFiles/ROSBUILD_genmanifest_roseus_gazebo_msgs.dir/depend.make" />
		<Unit filename="build/CMakeFiles/ROSBUILD_genmanifest_roseus_gazebo_msgs.dir/progress.make" />
		<Unit filename="build/CMakeFiles/ROSBUILD_genmanifest_roseus_gazebo_utils.dir/DependInfo.cmake" />
		<Unit filename="build/CMakeFiles/ROSBUILD_genmanifest_roseus_gazebo_utils.dir/build.make" />
		<Unit filename="build/CMakeFiles/ROSBUILD_genmanifest_roseus_gazebo_utils.dir/cmake_clean.cmake" />
		<Unit filename="build/CMakeFiles/ROSBUILD_genmanifest_roseus_gazebo_utils.dir/depend.internal" />
		<Unit filename="build/CMakeFiles/ROSBUILD_genmanifest_roseus_gazebo_utils.dir/depend.make" />
		<Unit filename="build/CMakeFiles/ROSBUILD_genmanifest_roseus_gazebo_utils.dir/progress.make" />
		<Unit filename="build/CMakeFiles/ROSBUILD_genmanifest_roseus_genmsg.dir/DependInfo.cmake" />
		<Unit filename="build/CMakeFiles/ROSBUILD_genmanifest_roseus_genmsg.dir/build.make" />
		<Unit filename="build/CMakeFiles/ROSBUILD_genmanifest_roseus_genmsg.dir/cmake_clean.cmake" />
		<Unit filename="build/CMakeFiles/ROSBUILD_genmanifest_roseus_genmsg.dir/depend.internal" />
		<Unit filename="build/CMakeFiles/ROSBUILD_genmanifest_roseus_genmsg.dir/depend.make" />
		<Unit filename="build/CMakeFiles/ROSBUILD_genmanifest_roseus_genmsg.dir/progress.make" />
		<Unit filename="build/CMakeFiles/ROSBUILD_genmanifest_roseus_genpy.dir/DependInfo.cmake" />
		<Unit filename="build/CMakeFiles/ROSBUILD_genmanifest_roseus_genpy.dir/build.make" />
		<Unit filename="build/CMakeFiles/ROSBUILD_genmanifest_roseus_genpy.dir/cmake_clean.cmake" />
		<Unit filename="build/CMakeFiles/ROSBUILD_genmanifest_roseus_genpy.dir/depend.internal" />
		<Unit filename="build/CMakeFiles/ROSBUILD_genmanifest_roseus_genpy.dir/depend.make" />
		<Unit filename="build/CMakeFiles/ROSBUILD_genmanifest_roseus_genpy.dir/progress.make" />
		<Unit filename="build/CMakeFiles/ROSBUILD_genmanifest_roseus_geometry_msgs.dir/DependInfo.cmake" />
		<Unit filename="build/CMakeFiles/ROSBUILD_genmanifest_roseus_geometry_msgs.dir/build.make" />
		<Unit filename="build/CMakeFiles/ROSBUILD_genmanifest_roseus_geometry_msgs.dir/cmake_clean.cmake" />
		<Unit filename="build/CMakeFiles/ROSBUILD_genmanifest_roseus_geometry_msgs.dir/depend.internal" />
		<Unit filename="build/CMakeFiles/ROSBUILD_genmanifest_roseus_geometry_msgs.dir/depend.make" />
		<Unit filename="build/CMakeFiles/ROSBUILD_genmanifest_roseus_geometry_msgs.dir/progress.make" />
		<Unit filename="build/CMakeFiles/ROSBUILD_genmanifest_roseus_message_runtime.dir/DependInfo.cmake" />
		<Unit filename="build/CMakeFiles/ROSBUILD_genmanifest_roseus_message_runtime.dir/build.make" />
		<Unit filename="build/CMakeFiles/ROSBUILD_genmanifest_roseus_message_runtime.dir/cmake_clean.cmake" />
		<Unit filename="build/CMakeFiles/ROSBUILD_genmanifest_roseus_message_runtime.dir/depend.internal" />
		<Unit filename="build/CMakeFiles/ROSBUILD_genmanifest_roseus_message_runtime.dir/depend.make" />
		<Unit filename="build/CMakeFiles/ROSBUILD_genmanifest_roseus_message_runtime.dir/progress.make" />
		<Unit filename="build/CMakeFiles/ROSBUILD_genmanifest_roseus_rosconsole.dir/DependInfo.cmake" />
		<Unit filename="build/CMakeFiles/ROSBUILD_genmanifest_roseus_rosconsole.dir/build.make" />
		<Unit filename="build/CMakeFiles/ROSBUILD_genmanifest_roseus_rosconsole.dir/cmake_clean.cmake" />
		<Unit filename="build/CMakeFiles/ROSBUILD_genmanifest_roseus_rosconsole.dir/depend.internal" />
		<Unit filename="build/CMakeFiles/ROSBUILD_genmanifest_roseus_rosconsole.dir/depend.make" />
		<Unit filename="build/CMakeFiles/ROSBUILD_genmanifest_roseus_rosconsole.dir/progress.make" />
		<Unit filename="build/CMakeFiles/ROSBUILD_genmanifest_roseus_roscpp.dir/DependInfo.cmake" />
		<Unit filename="build/CMakeFiles/ROSBUILD_genmanifest_roseus_roscpp.dir/build.make" />
		<Unit filename="build/CMakeFiles/ROSBUILD_genmanifest_roseus_roscpp.dir/cmake_clean.cmake" />
		<Unit filename="build/CMakeFiles/ROSBUILD_genmanifest_roseus_roscpp.dir/depend.internal" />
		<Unit filename="build/CMakeFiles/ROSBUILD_genmanifest_roseus_roscpp.dir/depend.make" />
		<Unit filename="build/CMakeFiles/ROSBUILD_genmanifest_roseus_roscpp.dir/progress.make" />
		<Unit filename="build/CMakeFiles/ROSBUILD_genmanifest_roseus_roscpp_serialization.dir/DependInfo.cmake" />
		<Unit filename="build/CMakeFiles/ROSBUILD_genmanifest_roseus_roscpp_serialization.dir/build.make" />
		<Unit filename="build/CMakeFiles/ROSBUILD_genmanifest_roseus_roscpp_serialization.dir/cmake_clean.cmake" />
		<Unit filename="build/CMakeFiles/ROSBUILD_genmanifest_roseus_roscpp_serialization.dir/depend.internal" />
		<Unit filename="build/CMakeFiles/ROSBUILD_genmanifest_roseus_roscpp_serialization.dir/depend.make" />
		<Unit filename="build/CMakeFiles/ROSBUILD_genmanifest_roseus_roscpp_serialization.dir/progress.make" />
		<Unit filename="build/CMakeFiles/ROSBUILD_genmanifest_roseus_roscpp_traits.dir/DependInfo.cmake" />
		<Unit filename="build/CMakeFiles/ROSBUILD_genmanifest_roseus_roscpp_traits.dir/build.make" />
		<Unit filename="build/CMakeFiles/ROSBUILD_genmanifest_roseus_roscpp_traits.dir/cmake_clean.cmake" />
		<Unit filename="build/CMakeFiles/ROSBUILD_genmanifest_roseus_roscpp_traits.dir/depend.internal" />
		<Unit filename="build/CMakeFiles/ROSBUILD_genmanifest_roseus_roscpp_traits.dir/depend.make" />
		<Unit filename="build/CMakeFiles/ROSBUILD_genmanifest_roseus_roscpp_traits.dir/progress.make" />
		<Unit filename="build/CMakeFiles/ROSBUILD_genmanifest_roseus_rosgraph_msgs.dir/DependInfo.cmake" />
		<Unit filename="build/CMakeFiles/ROSBUILD_genmanifest_roseus_rosgraph_msgs.dir/build.make" />
		<Unit filename="build/CMakeFiles/ROSBUILD_genmanifest_roseus_rosgraph_msgs.dir/cmake_clean.cmake" />
		<Unit filename="build/CMakeFiles/ROSBUILD_genmanifest_roseus_rosgraph_msgs.dir/depend.internal" />
		<Unit filename="build/CMakeFiles/ROSBUILD_genmanifest_roseus_rosgraph_msgs.dir/depend.make" />
		<Unit filename="build/CMakeFiles/ROSBUILD_genmanifest_roseus_rosgraph_msgs.dir/progress.make" />
		<Unit filename="build/CMakeFiles/ROSBUILD_genmanifest_roseus_rostime.dir/DependInfo.cmake" />
		<Unit filename="build/CMakeFiles/ROSBUILD_genmanifest_roseus_rostime.dir/build.make" />
		<Unit filename="build/CMakeFiles/ROSBUILD_genmanifest_roseus_rostime.dir/cmake_clean.cmake" />
		<Unit filename="build/CMakeFiles/ROSBUILD_genmanifest_roseus_rostime.dir/depend.internal" />
		<Unit filename="build/CMakeFiles/ROSBUILD_genmanifest_roseus_rostime.dir/depend.make" />
		<Unit filename="build/CMakeFiles/ROSBUILD_genmanifest_roseus_rostime.dir/progress.make" />
		<Unit filename="build/CMakeFiles/ROSBUILD_genmanifest_roseus_sensor_msgs.dir/DependInfo.cmake" />
		<Unit filename="build/CMakeFiles/ROSBUILD_genmanifest_roseus_sensor_msgs.dir/build.make" />
		<Unit filename="build/CMakeFiles/ROSBUILD_genmanifest_roseus_sensor_msgs.dir/cmake_clean.cmake" />
		<Unit filename="build/CMakeFiles/ROSBUILD_genmanifest_roseus_sensor_msgs.dir/depend.internal" />
		<Unit filename="build/CMakeFiles/ROSBUILD_genmanifest_roseus_sensor_msgs.dir/depend.make" />
		<Unit filename="build/CMakeFiles/ROSBUILD_genmanifest_roseus_sensor_msgs.dir/progress.make" />
		<Unit filename="build/CMakeFiles/ROSBUILD_genmanifest_roseus_std_msgs.dir/DependInfo.cmake" />
		<Unit filename="build/CMakeFiles/ROSBUILD_genmanifest_roseus_std_msgs.dir/build.make" />
		<Unit filename="build/CMakeFiles/ROSBUILD_genmanifest_roseus_std_msgs.dir/cmake_clean.cmake" />
		<Unit filename="build/CMakeFiles/ROSBUILD_genmanifest_roseus_std_msgs.dir/depend.internal" />
		<Unit filename="build/CMakeFiles/ROSBUILD_genmanifest_roseus_std_msgs.dir/depend.make" />
		<Unit filename="build/CMakeFiles/ROSBUILD_genmanifest_roseus_std_msgs.dir/progress.make" />
		<Unit filename="build/CMakeFiles/ROSBUILD_genmanifest_roseus_trajectory_msgs.dir/DependInfo.cmake" />
		<Unit filename="build/CMakeFiles/ROSBUILD_genmanifest_roseus_trajectory_msgs.dir/build.make" />
		<Unit filename="build/CMakeFiles/ROSBUILD_genmanifest_roseus_trajectory_msgs.dir/cmake_clean.cmake" />
		<Unit filename="build/CMakeFiles/ROSBUILD_genmanifest_roseus_trajectory_msgs.dir/depend.internal" />
		<Unit filename="build/CMakeFiles/ROSBUILD_genmanifest_roseus_trajectory_msgs.dir/depend.make" />
		<Unit filename="build/CMakeFiles/ROSBUILD_genmanifest_roseus_trajectory_msgs.dir/progress.make" />
		<Unit filename="build/CMakeFiles/ROSBUILD_genmanifest_roseus_xmlrpcpp.dir/DependInfo.cmake" />
		<Unit filename="build/CMakeFiles/ROSBUILD_genmanifest_roseus_xmlrpcpp.dir/build.make" />
		<Unit filename="build/CMakeFiles/ROSBUILD_genmanifest_roseus_xmlrpcpp.dir/cmake_clean.cmake" />
		<Unit filename="build/CMakeFiles/ROSBUILD_genmanifest_roseus_xmlrpcpp.dir/depend.internal" />
		<Unit filename="build/CMakeFiles/ROSBUILD_genmanifest_roseus_xmlrpcpp.dir/depend.make" />
		<Unit filename="build/CMakeFiles/ROSBUILD_genmanifest_roseus_xmlrpcpp.dir/progress.make" />
		<Unit filename="build/CMakeFiles/ROSBUILD_genmsg_cpp.dir/DependInfo.cmake" />
		<Unit filename="build/CMakeFiles/ROSBUILD_genmsg_cpp.dir/build.make" />
		<Unit filename="build/CMakeFiles/ROSBUILD_genmsg_cpp.dir/cmake_clean.cmake" />
		<Unit filename="build/CMakeFiles/ROSBUILD_genmsg_cpp.dir/progress.make" />
		<Unit filename="build/CMakeFiles/ROSBUILD_genmsg_lisp.dir/DependInfo.cmake" />
		<Unit filename="build/CMakeFiles/ROSBUILD_genmsg_lisp.dir/build.make" />
		<Unit filename="build/CMakeFiles/ROSBUILD_genmsg_lisp.dir/cmake_clean.cmake" />
		<Unit filename="build/CMakeFiles/ROSBUILD_genmsg_lisp.dir/progress.make" />
		<Unit filename="build/CMakeFiles/ROSBUILD_genmsg_roseus_cpp_common.dir/DependInfo.cmake" />
		<Unit filename="build/CMakeFiles/ROSBUILD_genmsg_roseus_cpp_common.dir/build.make" />
		<Unit filename="build/CMakeFiles/ROSBUILD_genmsg_roseus_cpp_common.dir/cmake_clean.cmake" />
		<Unit filename="build/CMakeFiles/ROSBUILD_genmsg_roseus_cpp_common.dir/depend.internal" />
		<Unit filename="build/CMakeFiles/ROSBUILD_genmsg_roseus_cpp_common.dir/depend.make" />
		<Unit filename="build/CMakeFiles/ROSBUILD_genmsg_roseus_cpp_common.dir/progress.make" />
		<Unit filename="build/CMakeFiles/ROSBUILD_genmsg_roseus_gazebo_msgs.dir/DependInfo.cmake" />
		<Unit filename="build/CMakeFiles/ROSBUILD_genmsg_roseus_gazebo_msgs.dir/build.make" />
		<Unit filename="build/CMakeFiles/ROSBUILD_genmsg_roseus_gazebo_msgs.dir/cmake_clean.cmake" />
		<Unit filename="build/CMakeFiles/ROSBUILD_genmsg_roseus_gazebo_msgs.dir/depend.internal" />
		<Unit filename="build/CMakeFiles/ROSBUILD_genmsg_roseus_gazebo_msgs.dir/depend.make" />
		<Unit filename="build/CMakeFiles/ROSBUILD_genmsg_roseus_gazebo_msgs.dir/progress.make" />
		<Unit filename="build/CMakeFiles/ROSBUILD_genmsg_roseus_gazebo_utils.dir/DependInfo.cmake" />
		<Unit filename="build/CMakeFiles/ROSBUILD_genmsg_roseus_gazebo_utils.dir/build.make" />
		<Unit filename="build/CMakeFiles/ROSBUILD_genmsg_roseus_gazebo_utils.dir/cmake_clean.cmake" />
		<Unit filename="build/CMakeFiles/ROSBUILD_genmsg_roseus_gazebo_utils.dir/progress.make" />
		<Unit filename="build/CMakeFiles/ROSBUILD_genmsg_roseus_genmsg.dir/DependInfo.cmake" />
		<Unit filename="build/CMakeFiles/ROSBUILD_genmsg_roseus_genmsg.dir/build.make" />
		<Unit filename="build/CMakeFiles/ROSBUILD_genmsg_roseus_genmsg.dir/cmake_clean.cmake" />
		<Unit filename="build/CMakeFiles/ROSBUILD_genmsg_roseus_genmsg.dir/depend.internal" />
		<Unit filename="build/CMakeFiles/ROSBUILD_genmsg_roseus_genmsg.dir/depend.make" />
		<Unit filename="build/CMakeFiles/ROSBUILD_genmsg_roseus_genmsg.dir/progress.make" />
		<Unit filename="build/CMakeFiles/ROSBUILD_genmsg_roseus_genpy.dir/DependInfo.cmake" />
		<Unit filename="build/CMakeFiles/ROSBUILD_genmsg_roseus_genpy.dir/build.make" />
		<Unit filename="build/CMakeFiles/ROSBUILD_genmsg_roseus_genpy.dir/cmake_clean.cmake" />
		<Unit filename="build/CMakeFiles/ROSBUILD_genmsg_roseus_genpy.dir/depend.internal" />
		<Unit filename="build/CMakeFiles/ROSBUILD_genmsg_roseus_genpy.dir/depend.make" />
		<Unit filename="build/CMakeFiles/ROSBUILD_genmsg_roseus_genpy.dir/progress.make" />
		<Unit filename="build/CMakeFiles/ROSBUILD_genmsg_roseus_geometry_msgs.dir/DependInfo.cmake" />
		<Unit filename="build/CMakeFiles/ROSBUILD_genmsg_roseus_geometry_msgs.dir/build.make" />
		<Unit filename="build/CMakeFiles/ROSBUILD_genmsg_roseus_geometry_msgs.dir/cmake_clean.cmake" />
		<Unit filename="build/CMakeFiles/ROSBUILD_genmsg_roseus_geometry_msgs.dir/depend.internal" />
		<Unit filename="build/CMakeFiles/ROSBUILD_genmsg_roseus_geometry_msgs.dir/depend.make" />
		<Unit filename="build/CMakeFiles/ROSBUILD_genmsg_roseus_geometry_msgs.dir/progress.make" />
		<Unit filename="build/CMakeFiles/ROSBUILD_genmsg_roseus_message_runtime.dir/DependInfo.cmake" />
		<Unit filename="build/CMakeFiles/ROSBUILD_genmsg_roseus_message_runtime.dir/build.make" />
		<Unit filename="build/CMakeFiles/ROSBUILD_genmsg_roseus_message_runtime.dir/cmake_clean.cmake" />
		<Unit filename="build/CMakeFiles/ROSBUILD_genmsg_roseus_message_runtime.dir/depend.internal" />
		<Unit filename="build/CMakeFiles/ROSBUILD_genmsg_roseus_message_runtime.dir/depend.make" />
		<Unit filename="build/CMakeFiles/ROSBUILD_genmsg_roseus_message_runtime.dir/progress.make" />
		<Unit filename="build/CMakeFiles/ROSBUILD_genmsg_roseus_rosconsole.dir/DependInfo.cmake" />
		<Unit filename="build/CMakeFiles/ROSBUILD_genmsg_roseus_rosconsole.dir/build.make" />
		<Unit filename="build/CMakeFiles/ROSBUILD_genmsg_roseus_rosconsole.dir/cmake_clean.cmake" />
		<Unit filename="build/CMakeFiles/ROSBUILD_genmsg_roseus_rosconsole.dir/depend.internal" />
		<Unit filename="build/CMakeFiles/ROSBUILD_genmsg_roseus_rosconsole.dir/depend.make" />
		<Unit filename="build/CMakeFiles/ROSBUILD_genmsg_roseus_rosconsole.dir/progress.make" />
		<Unit filename="build/CMakeFiles/ROSBUILD_genmsg_roseus_roscpp.dir/DependInfo.cmake" />
		<Unit filename="build/CMakeFiles/ROSBUILD_genmsg_roseus_roscpp.dir/build.make" />
		<Unit filename="build/CMakeFiles/ROSBUILD_genmsg_roseus_roscpp.dir/cmake_clean.cmake" />
		<Unit filename="build/CMakeFiles/ROSBUILD_genmsg_roseus_roscpp.dir/depend.internal" />
		<Unit filename="build/CMakeFiles/ROSBUILD_genmsg_roseus_roscpp.dir/depend.make" />
		<Unit filename="build/CMakeFiles/ROSBUILD_genmsg_roseus_roscpp.dir/progress.make" />
		<Unit filename="build/CMakeFiles/ROSBUILD_genmsg_roseus_roscpp_serialization.dir/DependInfo.cmake" />
		<Unit filename="build/CMakeFiles/ROSBUILD_genmsg_roseus_roscpp_serialization.dir/build.make" />
		<Unit filename="build/CMakeFiles/ROSBUILD_genmsg_roseus_roscpp_serialization.dir/cmake_clean.cmake" />
		<Unit filename="build/CMakeFiles/ROSBUILD_genmsg_roseus_roscpp_serialization.dir/depend.internal" />
		<Unit filename="build/CMakeFiles/ROSBUILD_genmsg_roseus_roscpp_serialization.dir/depend.make" />
		<Unit filename="build/CMakeFiles/ROSBUILD_genmsg_roseus_roscpp_serialization.dir/progress.make" />
		<Unit filename="build/CMakeFiles/ROSBUILD_genmsg_roseus_roscpp_traits.dir/DependInfo.cmake" />
		<Unit filename="build/CMakeFiles/ROSBUILD_genmsg_roseus_roscpp_traits.dir/build.make" />
		<Unit filename="build/CMakeFiles/ROSBUILD_genmsg_roseus_roscpp_traits.dir/cmake_clean.cmake" />
		<Unit filename="build/CMakeFiles/ROSBUILD_genmsg_roseus_roscpp_traits.dir/depend.internal" />
		<Unit filename="build/CMakeFiles/ROSBUILD_genmsg_roseus_roscpp_traits.dir/depend.make" />
		<Unit filename="build/CMakeFiles/ROSBUILD_genmsg_roseus_roscpp_traits.dir/progress.make" />
		<Unit filename="build/CMakeFiles/ROSBUILD_genmsg_roseus_rosgraph_msgs.dir/DependInfo.cmake" />
		<Unit filename="build/CMakeFiles/ROSBUILD_genmsg_roseus_rosgraph_msgs.dir/build.make" />
		<Unit filename="build/CMakeFiles/ROSBUILD_genmsg_roseus_rosgraph_msgs.dir/cmake_clean.cmake" />
		<Unit filename="build/CMakeFiles/ROSBUILD_genmsg_roseus_rosgraph_msgs.dir/depend.internal" />
		<Unit filename="build/CMakeFiles/ROSBUILD_genmsg_roseus_rosgraph_msgs.dir/depend.make" />
		<Unit filename="build/CMakeFiles/ROSBUILD_genmsg_roseus_rosgraph_msgs.dir/progress.make" />
		<Unit filename="build/CMakeFiles/ROSBUILD_genmsg_roseus_rostime.dir/DependInfo.cmake" />
		<Unit filename="build/CMakeFiles/ROSBUILD_genmsg_roseus_rostime.dir/build.make" />
		<Unit filename="build/CMakeFiles/ROSBUILD_genmsg_roseus_rostime.dir/cmake_clean.cmake" />
		<Unit filename="build/CMakeFiles/ROSBUILD_genmsg_roseus_rostime.dir/depend.internal" />
		<Unit filename="build/CMakeFiles/ROSBUILD_genmsg_roseus_rostime.dir/depend.make" />
		<Unit filename="build/CMakeFiles/ROSBUILD_genmsg_roseus_rostime.dir/progress.make" />
		<Unit filename="build/CMakeFiles/ROSBUILD_genmsg_roseus_sensor_msgs.dir/DependInfo.cmake" />
		<Unit filename="build/CMakeFiles/ROSBUILD_genmsg_roseus_sensor_msgs.dir/build.make" />
		<Unit filename="build/CMakeFiles/ROSBUILD_genmsg_roseus_sensor_msgs.dir/cmake_clean.cmake" />
		<Unit filename="build/CMakeFiles/ROSBUILD_genmsg_roseus_sensor_msgs.dir/depend.internal" />
		<Unit filename="build/CMakeFiles/ROSBUILD_genmsg_roseus_sensor_msgs.dir/depend.make" />
		<Unit filename="build/CMakeFiles/ROSBUILD_genmsg_roseus_sensor_msgs.dir/progress.make" />
		<Unit filename="build/CMakeFiles/ROSBUILD_genmsg_roseus_std_msgs.dir/DependInfo.cmake" />
		<Unit filename="build/CMakeFiles/ROSBUILD_genmsg_roseus_std_msgs.dir/build.make" />
		<Unit filename="build/CMakeFiles/ROSBUILD_genmsg_roseus_std_msgs.dir/cmake_clean.cmake" />
		<Unit filename="build/CMakeFiles/ROSBUILD_genmsg_roseus_std_msgs.dir/depend.internal" />
		<Unit filename="build/CMakeFiles/ROSBUILD_genmsg_roseus_std_msgs.dir/depend.make" />
		<Unit filename="build/CMakeFiles/ROSBUILD_genmsg_roseus_std_msgs.dir/progress.make" />
		<Unit filename="build/CMakeFiles/ROSBUILD_genmsg_roseus_trajectory_msgs.dir/DependInfo.cmake" />
		<Unit filename="build/CMakeFiles/ROSBUILD_genmsg_roseus_trajectory_msgs.dir/build.make" />
		<Unit filename="build/CMakeFiles/ROSBUILD_genmsg_roseus_trajectory_msgs.dir/cmake_clean.cmake" />
		<Unit filename="build/CMakeFiles/ROSBUILD_genmsg_roseus_trajectory_msgs.dir/depend.internal" />
		<Unit filename="build/CMakeFiles/ROSBUILD_genmsg_roseus_trajectory_msgs.dir/depend.make" />
		<Unit filename="build/CMakeFiles/ROSBUILD_genmsg_roseus_trajectory_msgs.dir/progress.make" />
		<Unit filename="build/CMakeFiles/ROSBUILD_genmsg_roseus_xmlrpcpp.dir/DependInfo.cmake" />
		<Unit filename="build/CMakeFiles/ROSBUILD_genmsg_roseus_xmlrpcpp.dir/build.make" />
		<Unit filename="build/CMakeFiles/ROSBUILD_genmsg_roseus_xmlrpcpp.dir/cmake_clean.cmake" />
		<Unit filename="build/CMakeFiles/ROSBUILD_genmsg_roseus_xmlrpcpp.dir/depend.internal" />
		<Unit filename="build/CMakeFiles/ROSBUILD_genmsg_roseus_xmlrpcpp.dir/depend.make" />
		<Unit filename="build/CMakeFiles/ROSBUILD_genmsg_roseus_xmlrpcpp.dir/progress.make" />
		<Unit filename="build/CMakeFiles/ROSBUILD_gensrv_cpp.dir/DependInfo.cmake" />
		<Unit filename="build/CMakeFiles/ROSBUILD_gensrv_cpp.dir/build.make" />
		<Unit filename="build/CMakeFiles/ROSBUILD_gensrv_cpp.dir/cmake_clean.cmake" />
		<Unit filename="build/CMakeFiles/ROSBUILD_gensrv_cpp.dir/progress.make" />
		<Unit filename="build/CMakeFiles/ROSBUILD_gensrv_lisp.dir/DependInfo.cmake" />
		<Unit filename="build/CMakeFiles/ROSBUILD_gensrv_lisp.dir/build.make" />
		<Unit filename="build/CMakeFiles/ROSBUILD_gensrv_lisp.dir/cmake_clean.cmake" />
		<Unit filename="build/CMakeFiles/ROSBUILD_gensrv_lisp.dir/progress.make" />
		<Unit filename="build/CMakeFiles/ROSBUILD_gensrv_roseus_cpp_common.dir/DependInfo.cmake" />
		<Unit filename="build/CMakeFiles/ROSBUILD_gensrv_roseus_cpp_common.dir/build.make" />
		<Unit filename="build/CMakeFiles/ROSBUILD_gensrv_roseus_cpp_common.dir/cmake_clean.cmake" />
		<Unit filename="build/CMakeFiles/ROSBUILD_gensrv_roseus_cpp_common.dir/depend.internal" />
		<Unit filename="build/CMakeFiles/ROSBUILD_gensrv_roseus_cpp_common.dir/depend.make" />
		<Unit filename="build/CMakeFiles/ROSBUILD_gensrv_roseus_cpp_common.dir/progress.make" />
		<Unit filename="build/CMakeFiles/ROSBUILD_gensrv_roseus_gazebo_msgs.dir/DependInfo.cmake" />
		<Unit filename="build/CMakeFiles/ROSBUILD_gensrv_roseus_gazebo_msgs.dir/build.make" />
		<Unit filename="build/CMakeFiles/ROSBUILD_gensrv_roseus_gazebo_msgs.dir/cmake_clean.cmake" />
		<Unit filename="build/CMakeFiles/ROSBUILD_gensrv_roseus_gazebo_msgs.dir/depend.internal" />
		<Unit filename="build/CMakeFiles/ROSBUILD_gensrv_roseus_gazebo_msgs.dir/depend.make" />
		<Unit filename="build/CMakeFiles/ROSBUILD_gensrv_roseus_gazebo_msgs.dir/progress.make" />
		<Unit filename="build/CMakeFiles/ROSBUILD_gensrv_roseus_gazebo_utils.dir/DependInfo.cmake" />
		<Unit filename="build/CMakeFiles/ROSBUILD_gensrv_roseus_gazebo_utils.dir/build.make" />
		<Unit filename="build/CMakeFiles/ROSBUILD_gensrv_roseus_gazebo_utils.dir/cmake_clean.cmake" />
		<Unit filename="build/CMakeFiles/ROSBUILD_gensrv_roseus_gazebo_utils.dir/progress.make" />
		<Unit filename="build/CMakeFiles/ROSBUILD_gensrv_roseus_genmsg.dir/DependInfo.cmake" />
		<Unit filename="build/CMakeFiles/ROSBUILD_gensrv_roseus_genmsg.dir/build.make" />
		<Unit filename="build/CMakeFiles/ROSBUILD_gensrv_roseus_genmsg.dir/cmake_clean.cmake" />
		<Unit filename="build/CMakeFiles/ROSBUILD_gensrv_roseus_genmsg.dir/depend.internal" />
		<Unit filename="build/CMakeFiles/ROSBUILD_gensrv_roseus_genmsg.dir/depend.make" />
		<Unit filename="build/CMakeFiles/ROSBUILD_gensrv_roseus_genmsg.dir/progress.make" />
		<Unit filename="build/CMakeFiles/ROSBUILD_gensrv_roseus_genpy.dir/DependInfo.cmake" />
		<Unit filename="build/CMakeFiles/ROSBUILD_gensrv_roseus_genpy.dir/build.make" />
		<Unit filename="build/CMakeFiles/ROSBUILD_gensrv_roseus_genpy.dir/cmake_clean.cmake" />
		<Unit filename="build/CMakeFiles/ROSBUILD_gensrv_roseus_genpy.dir/depend.internal" />
		<Unit filename="build/CMakeFiles/ROSBUILD_gensrv_roseus_genpy.dir/depend.make" />
		<Unit filename="build/CMakeFiles/ROSBUILD_gensrv_roseus_genpy.dir/progress.make" />
		<Unit filename="build/CMakeFiles/ROSBUILD_gensrv_roseus_geometry_msgs.dir/DependInfo.cmake" />
		<Unit filename="build/CMakeFiles/ROSBUILD_gensrv_roseus_geometry_msgs.dir/build.make" />
		<Unit filename="build/CMakeFiles/ROSBUILD_gensrv_roseus_geometry_msgs.dir/cmake_clean.cmake" />
		<Unit filename="build/CMakeFiles/ROSBUILD_gensrv_roseus_geometry_msgs.dir/depend.internal" />
		<Unit filename="build/CMakeFiles/ROSBUILD_gensrv_roseus_geometry_msgs.dir/depend.make" />
		<Unit filename="build/CMakeFiles/ROSBUILD_gensrv_roseus_geometry_msgs.dir/progress.make" />
		<Unit filename="build/CMakeFiles/ROSBUILD_gensrv_roseus_message_runtime.dir/DependInfo.cmake" />
		<Unit filename="build/CMakeFiles/ROSBUILD_gensrv_roseus_message_runtime.dir/build.make" />
		<Unit filename="build/CMakeFiles/ROSBUILD_gensrv_roseus_message_runtime.dir/cmake_clean.cmake" />
		<Unit filename="build/CMakeFiles/ROSBUILD_gensrv_roseus_message_runtime.dir/depend.internal" />
		<Unit filename="build/CMakeFiles/ROSBUILD_gensrv_roseus_message_runtime.dir/depend.make" />
		<Unit filename="build/CMakeFiles/ROSBUILD_gensrv_roseus_message_runtime.dir/progress.make" />
		<Unit filename="build/CMakeFiles/ROSBUILD_gensrv_roseus_rosconsole.dir/DependInfo.cmake" />
		<Unit filename="build/CMakeFiles/ROSBUILD_gensrv_roseus_rosconsole.dir/build.make" />
		<Unit filename="build/CMakeFiles/ROSBUILD_gensrv_roseus_rosconsole.dir/cmake_clean.cmake" />
		<Unit filename="build/CMakeFiles/ROSBUILD_gensrv_roseus_rosconsole.dir/depend.internal" />
		<Unit filename="build/CMakeFiles/ROSBUILD_gensrv_roseus_rosconsole.dir/depend.make" />
		<Unit filename="build/CMakeFiles/ROSBUILD_gensrv_roseus_rosconsole.dir/progress.make" />
		<Unit filename="build/CMakeFiles/ROSBUILD_gensrv_roseus_roscpp.dir/DependInfo.cmake" />
		<Unit filename="build/CMakeFiles/ROSBUILD_gensrv_roseus_roscpp.dir/build.make" />
		<Unit filename="build/CMakeFiles/ROSBUILD_gensrv_roseus_roscpp.dir/cmake_clean.cmake" />
		<Unit filename="build/CMakeFiles/ROSBUILD_gensrv_roseus_roscpp.dir/depend.internal" />
		<Unit filename="build/CMakeFiles/ROSBUILD_gensrv_roseus_roscpp.dir/depend.make" />
		<Unit filename="build/CMakeFiles/ROSBUILD_gensrv_roseus_roscpp.dir/progress.make" />
		<Unit filename="build/CMakeFiles/ROSBUILD_gensrv_roseus_roscpp_serialization.dir/DependInfo.cmake" />
		<Unit filename="build/CMakeFiles/ROSBUILD_gensrv_roseus_roscpp_serialization.dir/build.make" />
		<Unit filename="build/CMakeFiles/ROSBUILD_gensrv_roseus_roscpp_serialization.dir/cmake_clean.cmake" />
		<Unit filename="build/CMakeFiles/ROSBUILD_gensrv_roseus_roscpp_serialization.dir/depend.internal" />
		<Unit filename="build/CMakeFiles/ROSBUILD_gensrv_roseus_roscpp_serialization.dir/depend.make" />
		<Unit filename="build/CMakeFiles/ROSBUILD_gensrv_roseus_roscpp_serialization.dir/progress.make" />
		<Unit filename="build/CMakeFiles/ROSBUILD_gensrv_roseus_roscpp_traits.dir/DependInfo.cmake" />
		<Unit filename="build/CMakeFiles/ROSBUILD_gensrv_roseus_roscpp_traits.dir/build.make" />
		<Unit filename="build/CMakeFiles/ROSBUILD_gensrv_roseus_roscpp_traits.dir/cmake_clean.cmake" />
		<Unit filename="build/CMakeFiles/ROSBUILD_gensrv_roseus_roscpp_traits.dir/depend.internal" />
		<Unit filename="build/CMakeFiles/ROSBUILD_gensrv_roseus_roscpp_traits.dir/depend.make" />
		<Unit filename="build/CMakeFiles/ROSBUILD_gensrv_roseus_roscpp_traits.dir/progress.make" />
		<Unit filename="build/CMakeFiles/ROSBUILD_gensrv_roseus_rosgraph_msgs.dir/DependInfo.cmake" />
		<Unit filename="build/CMakeFiles/ROSBUILD_gensrv_roseus_rosgraph_msgs.dir/build.make" />
		<Unit filename="build/CMakeFiles/ROSBUILD_gensrv_roseus_rosgraph_msgs.dir/cmake_clean.cmake" />
		<Unit filename="build/CMakeFiles/ROSBUILD_gensrv_roseus_rosgraph_msgs.dir/depend.internal" />
		<Unit filename="build/CMakeFiles/ROSBUILD_gensrv_roseus_rosgraph_msgs.dir/depend.make" />
		<Unit filename="build/CMakeFiles/ROSBUILD_gensrv_roseus_rosgraph_msgs.dir/progress.make" />
		<Unit filename="build/CMakeFiles/ROSBUILD_gensrv_roseus_rostime.dir/DependInfo.cmake" />
		<Unit filename="build/CMakeFiles/ROSBUILD_gensrv_roseus_rostime.dir/build.make" />
		<Unit filename="build/CMakeFiles/ROSBUILD_gensrv_roseus_rostime.dir/cmake_clean.cmake" />
		<Unit filename="build/CMakeFiles/ROSBUILD_gensrv_roseus_rostime.dir/depend.internal" />
		<Unit filename="build/CMakeFiles/ROSBUILD_gensrv_roseus_rostime.dir/depend.make" />
		<Unit filename="build/CMakeFiles/ROSBUILD_gensrv_roseus_rostime.dir/progress.make" />
		<Unit filename="build/CMakeFiles/ROSBUILD_gensrv_roseus_sensor_msgs.dir/DependInfo.cmake" />
		<Unit filename="build/CMakeFiles/ROSBUILD_gensrv_roseus_sensor_msgs.dir/build.make" />
		<Unit filename="build/CMakeFiles/ROSBUILD_gensrv_roseus_sensor_msgs.dir/cmake_clean.cmake" />
		<Unit filename="build/CMakeFiles/ROSBUILD_gensrv_roseus_sensor_msgs.dir/depend.internal" />
		<Unit filename="build/CMakeFiles/ROSBUILD_gensrv_roseus_sensor_msgs.dir/depend.make" />
		<Unit filename="build/CMakeFiles/ROSBUILD_gensrv_roseus_sensor_msgs.dir/progress.make" />
		<Unit filename="build/CMakeFiles/ROSBUILD_gensrv_roseus_std_msgs.dir/DependInfo.cmake" />
		<Unit filename="build/CMakeFiles/ROSBUILD_gensrv_roseus_std_msgs.dir/build.make" />
		<Unit filename="build/CMakeFiles/ROSBUILD_gensrv_roseus_std_msgs.dir/cmake_clean.cmake" />
		<Unit filename="build/CMakeFiles/ROSBUILD_gensrv_roseus_std_msgs.dir/depend.internal" />
		<Unit filename="build/CMakeFiles/ROSBUILD_gensrv_roseus_std_msgs.dir/depend.make" />
		<Unit filename="build/CMakeFiles/ROSBUILD_gensrv_roseus_std_msgs.dir/progress.make" />
		<Unit filename="build/CMakeFiles/ROSBUILD_gensrv_roseus_trajectory_msgs.dir/DependInfo.cmake" />
		<Unit filename="build/CMakeFiles/ROSBUILD_gensrv_roseus_trajectory_msgs.dir/build.make" />
		<Unit filename="build/CMakeFiles/ROSBUILD_gensrv_roseus_trajectory_msgs.dir/cmake_clean.cmake" />
		<Unit filename="build/CMakeFiles/ROSBUILD_gensrv_roseus_trajectory_msgs.dir/depend.internal" />
		<Unit filename="build/CMakeFiles/ROSBUILD_gensrv_roseus_trajectory_msgs.dir/depend.make" />
		<Unit filename="build/CMakeFiles/ROSBUILD_gensrv_roseus_trajectory_msgs.dir/progress.make" />
		<Unit filename="build/CMakeFiles/ROSBUILD_gensrv_roseus_xmlrpcpp.dir/DependInfo.cmake" />
		<Unit filename="build/CMakeFiles/ROSBUILD_gensrv_roseus_xmlrpcpp.dir/build.make" />
		<Unit filename="build/CMakeFiles/ROSBUILD_gensrv_roseus_xmlrpcpp.dir/cmake_clean.cmake" />
		<Unit filename="build/CMakeFiles/ROSBUILD_gensrv_roseus_xmlrpcpp.dir/depend.internal" />
		<Unit filename="build/CMakeFiles/ROSBUILD_gensrv_roseus_xmlrpcpp.dir/depend.make" />
		<Unit filename="build/CMakeFiles/ROSBUILD_gensrv_roseus_xmlrpcpp.dir/progress.make" />
		<Unit filename="build/CMakeFiles/TargetDirectories.txt" />
		<Unit filename="build/CMakeFiles/_catkin_empty_exported_target.dir/DependInfo.cmake" />
		<Unit filename="build/CMakeFiles/_catkin_empty_exported_target.dir/build.make" />
		<Unit filename="build/CMakeFiles/_catkin_empty_exported_target.dir/cmake_clean.cmake" />
		<Unit filename="build/CMakeFiles/_catkin_empty_exported_target.dir/progress.make" />
		<Unit filename="build/CMakeFiles/clean_test_results.dir/DependInfo.cmake" />
		<Unit filename="build/CMakeFiles/clean_test_results.dir/build.make" />
		<Unit filename="build/CMakeFiles/clean_test_results.dir/cmake_clean.cmake" />
		<Unit filename="build/CMakeFiles/clean_test_results.dir/progress.make" />
		<Unit filename="build/CMakeFiles/cmake.check_cache" />
		<Unit filename="build/CMakeFiles/contact_forces_plugin.dir/CXX.includecache" />
		<Unit filename="build/CMakeFiles/contact_forces_plugin.dir/DependInfo.cmake" />
		<Unit filename="build/CMakeFiles/contact_forces_plugin.dir/build.make" />
		<Unit filename="build/CMakeFiles/contact_forces_plugin.dir/cmake_clean.cmake" />
		<Unit filename="build/CMakeFiles/contact_forces_plugin.dir/depend.internal" />
		<Unit filename="build/CMakeFiles/contact_forces_plugin.dir/depend.make" />
		<Unit filename="build/CMakeFiles/contact_forces_plugin.dir/flags.make" />
		<Unit filename="build/CMakeFiles/contact_forces_plugin.dir/link.txt" />
		<Unit filename="build/CMakeFiles/contact_forces_plugin.dir/progress.make" />
		<Unit filename="build/CMakeFiles/contact_forces_plugin.dir/src/contact_forces_plugin.cpp.o" />
		<Unit filename="build/CMakeFiles/doxygen.dir/DependInfo.cmake" />
		<Unit filename="build/CMakeFiles/doxygen.dir/build.make" />
		<Unit filename="build/CMakeFiles/doxygen.dir/cmake_clean.cmake" />
		<Unit filename="build/CMakeFiles/doxygen.dir/progress.make" />
		<Unit filename="build/CMakeFiles/fake_imu.dir/CXX.includecache" />
		<Unit filename="build/CMakeFiles/fake_imu.dir/DependInfo.cmake" />
		<Unit filename="build/CMakeFiles/fake_imu.dir/build.make" />
		<Unit filename="build/CMakeFiles/fake_imu.dir/cmake_clean.cmake" />
		<Unit filename="build/CMakeFiles/fake_imu.dir/depend.internal" />
		<Unit filename="build/CMakeFiles/fake_imu.dir/depend.make" />
		<Unit filename="build/CMakeFiles/fake_imu.dir/flags.make" />
		<Unit filename="build/CMakeFiles/fake_imu.dir/link.txt" />
		<Unit filename="build/CMakeFiles/fake_imu.dir/progress.make" />
		<Unit filename="build/CMakeFiles/fake_imu.dir/src/fake_imu.cpp.o" />
		<Unit filename="build/CMakeFiles/ground_joint_plugin.dir/CXX.includecache" />
		<Unit filename="build/CMakeFiles/ground_joint_plugin.dir/DependInfo.cmake" />
		<Unit filename="build/CMakeFiles/ground_joint_plugin.dir/build.make" />
		<Unit filename="build/CMakeFiles/ground_joint_plugin.dir/cmake_clean.cmake" />
		<Unit filename="build/CMakeFiles/ground_joint_plugin.dir/depend.internal" />
		<Unit filename="build/CMakeFiles/ground_joint_plugin.dir/depend.make" />
		<Unit filename="build/CMakeFiles/ground_joint_plugin.dir/flags.make" />
		<Unit filename="build/CMakeFiles/ground_joint_plugin.dir/link.txt" />
		<Unit filename="build/CMakeFiles/ground_joint_plugin.dir/progress.make" />
		<Unit filename="build/CMakeFiles/ground_joint_plugin.dir/src/ground_joint_plugin.cpp.o" />
		<Unit filename="build/CMakeFiles/progress.marks" />
		<Unit filename="build/CMakeFiles/random_fall_generator.dir/CXX.includecache" />
		<Unit filename="build/CMakeFiles/random_fall_generator.dir/DependInfo.cmake" />
		<Unit filename="build/CMakeFiles/random_fall_generator.dir/build.make" />
		<Unit filename="build/CMakeFiles/random_fall_generator.dir/cmake_clean.cmake" />
		<Unit filename="build/CMakeFiles/random_fall_generator.dir/depend.internal" />
		<Unit filename="build/CMakeFiles/random_fall_generator.dir/depend.make" />
		<Unit filename="build/CMakeFiles/random_fall_generator.dir/flags.make" />
		<Unit filename="build/CMakeFiles/random_fall_generator.dir/link.txt" />
		<Unit filename="build/CMakeFiles/random_fall_generator.dir/progress.make" />
		<Unit filename="build/CMakeFiles/random_fall_generator.dir/src/random_fall_generator.cpp.o" />
		<Unit filename="build/CMakeFiles/random_torque_applier.dir/CXX.includecache" />
		<Unit filename="build/CMakeFiles/random_torque_applier.dir/DependInfo.cmake" />
		<Unit filename="build/CMakeFiles/random_torque_applier.dir/build.make" />
		<Unit filename="build/CMakeFiles/random_torque_applier.dir/cmake_clean.cmake" />
		<Unit filename="build/CMakeFiles/random_torque_applier.dir/depend.internal" />
		<Unit filename="build/CMakeFiles/random_torque_applier.dir/depend.make" />
		<Unit filename="build/CMakeFiles/random_torque_applier.dir/flags.make" />
		<Unit filename="build/CMakeFiles/random_torque_applier.dir/link.txt" />
		<Unit filename="build/CMakeFiles/random_torque_applier.dir/progress.make" />
		<Unit filename="build/CMakeFiles/random_torque_applier.dir/src/random_torque_applier.cpp.o" />
		<Unit filename="build/CMakeFiles/rosbuild_clean-test-results.dir/DependInfo.cmake" />
		<Unit filename="build/CMakeFiles/rosbuild_clean-test-results.dir/build.make" />
		<Unit filename="build/CMakeFiles/rosbuild_clean-test-results.dir/cmake_clean.cmake" />
		<Unit filename="build/CMakeFiles/rosbuild_clean-test-results.dir/progress.make" />
		<Unit filename="build/CMakeFiles/rosbuild_precompile.dir/DependInfo.cmake" />
		<Unit filename="build/CMakeFiles/rosbuild_precompile.dir/build.make" />
		<Unit filename="build/CMakeFiles/rosbuild_precompile.dir/cmake_clean.cmake" />
		<Unit filename="build/CMakeFiles/rosbuild_precompile.dir/depend.internal" />
		<Unit filename="build/CMakeFiles/rosbuild_precompile.dir/depend.make" />
		<Unit filename="build/CMakeFiles/rosbuild_precompile.dir/progress.make" />
		<Unit filename="build/CMakeFiles/rosbuild_premsgsrvgen.dir/DependInfo.cmake" />
		<Unit filename="build/CMakeFiles/rosbuild_premsgsrvgen.dir/build.make" />
		<Unit filename="build/CMakeFiles/rosbuild_premsgsrvgen.dir/cmake_clean.cmake" />
		<Unit filename="build/CMakeFiles/rosbuild_premsgsrvgen.dir/progress.make" />
		<Unit filename="build/CMakeFiles/rospack_genmsg.dir/DependInfo.cmake" />
		<Unit filename="build/CMakeFiles/rospack_genmsg.dir/build.make" />
		<Unit filename="build/CMakeFiles/rospack_genmsg.dir/cmake_clean.cmake" />
		<Unit filename="build/CMakeFiles/rospack_genmsg.dir/progress.make" />
		<Unit filename="build/CMakeFiles/rospack_genmsg_libexe.dir/DependInfo.cmake" />
		<Unit filename="build/CMakeFiles/rospack_genmsg_libexe.dir/build.make" />
		<Unit filename="build/CMakeFiles/rospack_genmsg_libexe.dir/cmake_clean.cmake" />
		<Unit filename="build/CMakeFiles/rospack_genmsg_libexe.dir/depend.internal" />
		<Unit filename="build/CMakeFiles/rospack_genmsg_libexe.dir/depend.make" />
		<Unit filename="build/CMakeFiles/rospack_genmsg_libexe.dir/progress.make" />
		<Unit filename="build/CMakeFiles/rospack_gensrv.dir/DependInfo.cmake" />
		<Unit filename="build/CMakeFiles/rospack_gensrv.dir/build.make" />
		<Unit filename="build/CMakeFiles/rospack_gensrv.dir/cmake_clean.cmake" />
		<Unit filename="build/CMakeFiles/rospack_gensrv.dir/progress.make" />
		<Unit filename="build/CMakeFiles/run_tests.dir/DependInfo.cmake" />
		<Unit filename="build/CMakeFiles/run_tests.dir/build.make" />
		<Unit filename="build/CMakeFiles/run_tests.dir/cmake_clean.cmake" />
		<Unit filename="build/CMakeFiles/run_tests.dir/progress.make" />
		<Unit filename="build/CMakeFiles/set_arm_positions.dir/CXX.includecache" />
		<Unit filename="build/CMakeFiles/set_arm_positions.dir/DependInfo.cmake" />
		<Unit filename="build/CMakeFiles/set_arm_positions.dir/build.make" />
		<Unit filename="build/CMakeFiles/set_arm_positions.dir/cmake_clean.cmake" />
		<Unit filename="build/CMakeFiles/set_arm_positions.dir/depend.internal" />
		<Unit filename="build/CMakeFiles/set_arm_positions.dir/depend.make" />
		<Unit filename="build/CMakeFiles/set_arm_positions.dir/flags.make" />
		<Unit filename="build/CMakeFiles/set_arm_positions.dir/link.txt" />
		<Unit filename="build/CMakeFiles/set_arm_positions.dir/progress.make" />
		<Unit filename="build/CMakeFiles/set_arm_positions.dir/src/set_arm_positions.cpp.o" />
		<Unit filename="build/CMakeFiles/test-future.dir/DependInfo.cmake" />
		<Unit filename="build/CMakeFiles/test-future.dir/build.make" />
		<Unit filename="build/CMakeFiles/test-future.dir/cmake_clean.cmake" />
		<Unit filename="build/CMakeFiles/test-future.dir/progress.make" />
		<Unit filename="build/CMakeFiles/test-results-run.dir/DependInfo.cmake" />
		<Unit filename="build/CMakeFiles/test-results-run.dir/build.make" />
		<Unit filename="build/CMakeFiles/test-results-run.dir/cmake_clean.cmake" />
		<Unit filename="build/CMakeFiles/test-results-run.dir/progress.make" />
		<Unit filename="build/CMakeFiles/test-results.dir/DependInfo.cmake" />
		<Unit filename="build/CMakeFiles/test-results.dir/build.make" />
		<Unit filename="build/CMakeFiles/test-results.dir/cmake_clean.cmake" />
		<Unit filename="build/CMakeFiles/test-results.dir/progress.make" />
		<Unit filename="build/CMakeFiles/test.dir/DependInfo.cmake" />
		<Unit filename="build/CMakeFiles/test.dir/build.make" />
		<Unit filename="build/CMakeFiles/test.dir/cmake_clean.cmake" />
		<Unit filename="build/CMakeFiles/test.dir/progress.make" />
		<Unit filename="build/CMakeFiles/tests.dir/DependInfo.cmake" />
		<Unit filename="build/CMakeFiles/tests.dir/build.make" />
		<Unit filename="build/CMakeFiles/tests.dir/cmake_clean.cmake" />
		<Unit filename="build/CMakeFiles/tests.dir/progress.make" />
		<Unit filename="build/Makefile" />
		<Unit filename="build/catkin/catkin_generated/version/package.cmake" />
		<Unit filename="build/catkin_generated/env_cached.sh" />
		<Unit filename="build/catkin_generated/generate_cached_setup.py" />
		<Unit filename="build/catkin_generated/installspace/_setup_util.py" />
		<Unit filename="build/catkin_generated/installspace/env.sh" />
		<Unit filename="build/catkin_generated/installspace/setup.bash" />
		<Unit filename="build/catkin_generated/installspace/setup.sh" />
		<Unit filename="build/catkin_generated/installspace/setup.zsh" />
		<Unit filename="build/catkin_generated/ordered_paths.cmake" />
		<Unit filename="build/catkin_generated/setup_cached.sh" />
		<Unit filename="build/catkin_generated/stamps/gazebo_utils/interrogate_setup_dot_py.py.stamp" />
		<Unit filename="build/catkin_generated/stamps/gazebo_utils/package.xml.stamp" />
		<Unit filename="build/cmake_install.cmake" />
		<Unit filename="build/devel/_setup_util.py" />
		<Unit filename="build/devel/env.sh" />
		<Unit filename="build/devel/etc/catkin/profile.d/05.catkin-test-results.sh" />
		<Unit filename="build/devel/etc/catkin/profile.d/05.catkin_make.bash" />
		<Unit filename="build/devel/etc/catkin/profile.d/05.catkin_make_isolated.bash" />
		<Unit filename="build/devel/setup.bash" />
		<Unit filename="build/devel/setup.sh" />
		<Unit filename="build/devel/setup.zsh" />
		<Unit filename="build/gtest/CMakeFiles/CMakeDirectoryInformation.cmake" />
		<Unit filename="build/gtest/CMakeFiles/gtest.dir/DependInfo.cmake" />
		<Unit filename="build/gtest/CMakeFiles/gtest.dir/build.make" />
		<Unit filename="build/gtest/CMakeFiles/gtest.dir/cmake_clean.cmake" />
		<Unit filename="build/gtest/CMakeFiles/gtest.dir/depend.make" />
		<Unit filename="build/gtest/CMakeFiles/gtest.dir/flags.make" />
		<Unit filename="build/gtest/CMakeFiles/gtest.dir/link.txt" />
		<Unit filename="build/gtest/CMakeFiles/gtest.dir/progress.make" />
		<Unit filename="build/gtest/CMakeFiles/gtest_main.dir/DependInfo.cmake" />
		<Unit filename="build/gtest/CMakeFiles/gtest_main.dir/build.make" />
		<Unit filename="build/gtest/CMakeFiles/gtest_main.dir/cmake_clean.cmake" />
		<Unit filename="build/gtest/CMakeFiles/gtest_main.dir/depend.make" />
		<Unit filename="build/gtest/CMakeFiles/gtest_main.dir/flags.make" />
		<Unit filename="build/gtest/CMakeFiles/gtest_main.dir/link.txt" />
		<Unit filename="build/gtest/CMakeFiles/gtest_main.dir/progress.make" />
		<Unit filename="build/gtest/CMakeFiles/progress.marks" />
		<Unit filename="build/gtest/Makefile" />
		<Unit filename="build/gtest/cmake_install.cmake" />
		<Unit filename="build/install_manifest.txt" />
		<Unit filename="gazebo_utils.layout" />
		<Unit filename="lib/libcontact_forces_plugin.so" />
		<Unit filename="lib/libground_joint_plugin.so" />
		<Unit filename="mainpage.dox" />
		<Unit filename="manifest.xml" />
		<Unit filename="src/contact_forces_plugin.cpp" />
		<Unit filename="src/fake_imu.cpp" />
		<Unit filename="src/ground_joint_plugin.cpp" />
		<Unit filename="src/random_fall_generator.cpp" />
		<Unit filename="src/random_torque_applier.cpp" />
		<Unit filename="src/set_arm_positions.cpp" />
		<Extensions>
			<envvars />
			<code_completion />
			<debugger />
		</Extensions>
	</Project>
</CodeBlocks_project_file>
